<?xml version="1.0" encoding="utf-8"?>
<Project ToolsVersion="4.0" xmlns="http://schemas.microsoft.com/developer/msbuild/2003">
  <ItemGroup>
    <Filter Include="Source Files">
      <UniqueIdentifier>{4FC737F1-C7A5-4376-A066-2A32D752A2FF}</UniqueIdentifier>
      <Extensions>cpp;c;cc;cxx;def;odl;idl;hpj;bat;asm;asmx</Extensions>
    </Filter>
    <Filter Include="Header Files">
      <UniqueIdentifier>{93995380-89BD-4b04-88EB-625FBE52EBFB}</UniqueIdentifier>
      <Extensions>h;hpp;hxx;hm;inl;inc;xsd</Extensions>
    </Filter>
    <Filter Include="Resource Files">
      <UniqueIdentifier>{67DA6AB6-F800-4c08-8B7A-83BB121AAD01}</UniqueIdentifier>
      <Extensions>rc;ico;cur;bmp;dlg;rc2;rct;bin;rgs;gif;jpg;jpeg;jpe;resx;tiff;tif;png;wav</Extensions>
    </Filter>
  </ItemGroup>
  <ItemGroup>
    <ClCompile Include="comcall.cpp">
      <Filter>Source Files</Filter>
    </ClCompile>
    <ClCompile Include="engine.cpp">
      <Filter>Source Files</Filter>
    </ClCompile>
    <ClCompile Include="engine_atrium.cpp">
      <Filter>Source Files</Filter>
    </ClCompile>
    <ClCompile Include="engine_eris.cpp">
      <Filter>Source Files</Filter>
    </ClCompile>
    <ClCompile Include="engine_haumea.cpp">
      <Filter>Source Files</Filter>
    </ClCompile>
    <ClCompile Include="engine_ikadalawampu.cpp">
      <Filter>Source Files</Filter>
    </ClCompile>
    <ClCompile Include="engine_points.cpp">
      <Filter>Source Files</Filter>
    </ClCompile>
    <ClCompile Include="engine_textobj.cpp">
      <Filter>Source Files</Filter>
    </ClCompile>
    <ClCompile Include="Marching.cpp">
      <Filter>Source Files</Filter>
    </ClCompile>
    <ClCompile Include="MemoryFile.cpp">
      <Filter>Source Files</Filter>
    </ClCompile>
    <ClCompile Include="RenderDLL.cpp">
      <Filter>Source Files</Filter>
    </ClCompile>
    <ClCompile Include="engine_uboat.cpp">
      <Filter>Source Files</Filter>
    </ClCompile>
    <ClCompile Include="engine_dx11particles.cpp">
      <Filter>Source Files</Filter>
    </ClCompile>
    <ClCompile Include="engine_sprites.cpp">
      <Filter>Source Files</Filter>
    </ClCompile>
  </ItemGroup>
  <ItemGroup>
    <Asm Include="compile.asm">
      <Filter>Source Files</Filter>
    </Asm>
    <Asm Include="dll.asm">
      <Filter>Source Files</Filter>
    </Asm>
    <Asm Include="interpret.asm">
      <Filter>Source Files</Filter>
    </Asm>
    <Asm Include="random.asm">
      <Filter>Source Files</Filter>
    </Asm>
  </ItemGroup>
  <ItemGroup>
    <ClInclude Include="comcall.h">
      <Filter>Header Files</Filter>
    </ClInclude>
    <ClInclude Include="constants.h">
      <Filter>Header Files</Filter>
    </ClInclude>
    <ClInclude Include="engine.h">
      <Filter>Header Files</Filter>
    </ClInclude>
    <ClInclude Include="engine_atrium.h">
      <Filter>Header Files</Filter>
    </ClInclude>
    <ClInclude Include="engine_eris.h">
      <Filter>Header Files</Filter>
    </ClInclude>
    <ClInclude Include="engine_haumea.h">
      <Filter>Header Files</Filter>
    </ClInclude>
    <ClInclude Include="engine_ikadalawampu.h">
      <Filter>Header Files</Filter>
    </ClInclude>
    <ClInclude Include="engine_points.h">
      <Filter>Header Files</Filter>
    </ClInclude>
    <ClInclude Include="engine_textobj.h">
      <Filter>Header Files</Filter>
    </ClInclude>
    <ClInclude Include="main.h">
      <Filter>Header Files</Filter>
    </ClInclude>
    <ClInclude Include="Marching.h">
      <Filter>Header Files</Filter>
    </ClInclude>
    <ClInclude Include="MemoryFile.h">
      <Filter>Header Files</Filter>
    </ClInclude>
    <ClInclude Include="objgen.h">
      <Filter>Header Files</Filter>
    </ClInclude>
    <ClInclude Include="RenderDLL.h">
      <Filter>Header Files</Filter>
    </ClInclude>
    <ClInclude Include="stdafx.h">
      <Filter>Header Files</Filter>
    </ClInclude>
    <ClInclude Include="engine_dx11particles.h">
      <Filter>Header Files</Filter>
    </ClInclude>
    <ClInclude Include="engine_uboat.h">
      <Filter>Header Files</Filter>
    </ClInclude>
    <ClInclude Include="engine_sprites.h">
      <Filter>Header Files</Filter>
    </ClInclude>
  </ItemGroup>
  <ItemGroup>
    <None Include="comcall.nh">
      <Filter>Header Files</Filter>
    </None>
    <None Include="constants.nh">
      <Filter>Header Files</Filter>
    </None>
  </ItemGroup>
</Project>